
Microsoft Visual Studio Solution File, Format Version 12.00
# Visual Studio Version 16
VisualStudioVersion = 16.0.29519.87
MinimumVisualStudioVersion = 10.0.40219.1
Project("{2150E333-8FDC-42A3-9474-1A3956D46DE8}") = "src", "src", "{F960E483-B7DF-4E48-AE27-B1678B4B2E1F}"
EndProject
Project("{2150E333-8FDC-42A3-9474-1A3956D46DE8}") = "tests", "tests", "{B6A623D0-CFDC-4750-A6A3-9A45898F3247}"
EndProject
Project("{2150E333-8FDC-42A3-9474-1A3956D46DE8}") = "Web.API", "Web.API", "{A181851F-5AF1-4891-AC91-C19D5BC02FE6}"
EndProject
Project("{2150E333-8FDC-42A3-9474-1A3956D46DE8}") = "Web.Client", "Web.Client", "{38CC8BF3-1CC7-4BC4-820B-027BCF634346}"
EndProject
Project("{FAE04EC0-301F-11D3-BF4B-00C04F79EFBC}") = "Mymusic.API", "Mymusic.API\Mymusic.API.csproj", "{0866A587-50DE-42A2-A2FF-41B2BEC3445E}"
EndProject
Project("{FAE04EC0-301F-11D3-BF4B-00C04F79EFBC}") = "MyMusic.Core", "MyMusic.Core\MyMusic.Core.csproj", "{7B3EC27E-708F-46E1-B064-7744BC2D9CE5}"
EndProject
Project("{FAE04EC0-301F-11D3-BF4B-00C04F79EFBC}") = "MyMusic.Services", "MyMusic.Services\MyMusic.Services.csproj", "{05051A5C-75A2-4B91-B1A9-82348D86A41D}"
EndProject
Project("{FAE04EC0-301F-11D3-BF4B-00C04F79EFBC}") = "MyMusic.Data", "MyMusic.Data\MyMusic.Data.csproj", "{EA1DD41B-B1CB-46D7-963C-BA0C6E468C23}"
EndProject
Project("{FAE04EC0-301F-11D3-BF4B-00C04F79EFBC}") = "MyMusic.Data.MongoDB", "MyMusic.Data.MongoDB\MyMusic.Data.MongoDB.csproj", "{711130A4-7088-4463-B99C-9D4B1B1A62CB}"
EndProject
Global
	GlobalSection(SolutionConfigurationPlatforms) = preSolution
		Debug|Any CPU = Debug|Any CPU
		Release|Any CPU = Release|Any CPU
	EndGlobalSection
	GlobalSection(ProjectConfigurationPlatforms) = postSolution
		{0866A587-50DE-42A2-A2FF-41B2BEC3445E}.Debug|Any CPU.ActiveCfg = Debug|Any CPU
		{0866A587-50DE-42A2-A2FF-41B2BEC3445E}.Debug|Any CPU.Build.0 = Debug|Any CPU
		{0866A587-50DE-42A2-A2FF-41B2BEC3445E}.Release|Any CPU.ActiveCfg = Release|Any CPU
		{0866A587-50DE-42A2-A2FF-41B2BEC3445E}.Release|Any CPU.Build.0 = Release|Any CPU
		{7B3EC27E-708F-46E1-B064-7744BC2D9CE5}.Debug|Any CPU.ActiveCfg = Debug|Any CPU
		{7B3EC27E-708F-46E1-B064-7744BC2D9CE5}.Debug|Any CPU.Build.0 = Debug|Any CPU
		{7B3EC27E-708F-46E1-B064-7744BC2D9CE5}.Release|Any CPU.ActiveCfg = Release|Any CPU
		{7B3EC27E-708F-46E1-B064-7744BC2D9CE5}.Release|Any CPU.Build.0 = Release|Any CPU
		{05051A5C-75A2-4B91-B1A9-82348D86A41D}.Debug|Any CPU.ActiveCfg = Debug|Any CPU
		{05051A5C-75A2-4B91-B1A9-82348D86A41D}.Debug|Any CPU.Build.0 = Debug|Any CPU
		{05051A5C-75A2-4B91-B1A9-82348D86A41D}.Release|Any CPU.ActiveCfg = Release|Any CPU
		{05051A5C-75A2-4B91-B1A9-82348D86A41D}.Release|Any CPU.Build.0 = Release|Any CPU
		{EA1DD41B-B1CB-46D7-963C-BA0C6E468C23}.Debug|Any CPU.ActiveCfg = Debug|Any CPU
		{EA1DD41B-B1CB-46D7-963C-BA0C6E468C23}.Debug|Any CPU.Build.0 = Debug|Any CPU
		{EA1DD41B-B1CB-46D7-963C-BA0C6E468C23}.Release|Any CPU.ActiveCfg = Release|Any CPU
		{EA1DD41B-B1CB-46D7-963C-BA0C6E468C23}.Release|Any CPU.Build.0 = Release|Any CPU
		{711130A4-7088-4463-B99C-9D4B1B1A62CB}.Debug|Any CPU.ActiveCfg = Debug|Any CPU
		{711130A4-7088-4463-B99C-9D4B1B1A62CB}.Debug|Any CPU.Build.0 = Debug|Any CPU
		{711130A4-7088-4463-B99C-9D4B1B1A62CB}.Release|Any CPU.ActiveCfg = Release|Any CPU
		{711130A4-7088-4463-B99C-9D4B1B1A62CB}.Release|Any CPU.Build.0 = Release|Any CPU
	EndGlobalSection
	GlobalSection(SolutionProperties) = preSolution
		HideSolutionNode = FALSE
	EndGlobalSection
	GlobalSection(NestedProjects) = preSolution
		{A181851F-5AF1-4891-AC91-C19D5BC02FE6} = {F960E483-B7DF-4E48-AE27-B1678B4B2E1F}
		{38CC8BF3-1CC7-4BC4-820B-027BCF634346} = {F960E483-B7DF-4E48-AE27-B1678B4B2E1F}
		{0866A587-50DE-42A2-A2FF-41B2BEC3445E} = {A181851F-5AF1-4891-AC91-C19D5BC02FE6}
		{7B3EC27E-708F-46E1-B064-7744BC2D9CE5} = {A181851F-5AF1-4891-AC91-C19D5BC02FE6}
		{05051A5C-75A2-4B91-B1A9-82348D86A41D} = {A181851F-5AF1-4891-AC91-C19D5BC02FE6}
		{EA1DD41B-B1CB-46D7-963C-BA0C6E468C23} = {A181851F-5AF1-4891-AC91-C19D5BC02FE6}
		{711130A4-7088-4463-B99C-9D4B1B1A62CB} = {A181851F-5AF1-4891-AC91-C19D5BC02FE6}
	EndGlobalSection
	GlobalSection(ExtensibilityGlobals) = postSolution
		SolutionGuid = {C35DBB85-DFF1-4D03-8720-4C945C3EE1DE}
	EndGlobalSection
EndGlobal
